Microsoft Visual Studio Solution File, Format Version 12.00
# Visual Studio Version 17
VisualStudioVersion = 17.0.31903.59
MinimumVisualStudioVersion = 10.0.40219.1
Project("{8BC9CEB8-8B4A-11D0-8D11-00A0C91BC942}") = "EGoTouchKm", "EGoTouchKm.vcxproj", "{D36F45B8-3C0A-4A52-A3CA-9A210470E985}"
EndProject
Global
	GlobalSection(SolutionConfigurationPlatforms) = preSolution
		Debug|ARM64 = Debug|ARM64
		Release|ARM64 = Release|ARM64
	EndGlobalSection
	GlobalSection(ProjectConfigurationPlatforms) = postSolution
		{D36F45B8-3C0A-4A52-A3CA-9A210470E985}.Debug|ARM64.ActiveCfg = Debug|ARM64
		{D36F45B8-3C0A-4A52-A3CA-9A210470E985}.Debug|ARM64.Build.0 = Debug|ARM64
		{D36F45B8-3C0A-4A52-A3CA-9A210470E985}.Release|ARM64.ActiveCfg = Release|ARM64
		{D36F45B8-3C0A-4A52-A3CA-9A210470E985}.Release|ARM64.Build.0 = Release|ARM64
	EndGlobalSection
	GlobalSection(SolutionProperties) = preSolution
		HideSolutionNode = FALSE
	EndGlobalSection
EndGlobal
